
Microsoft Visual Studio Solution File, Format Version 12.00
# Visual Studio 15
VisualStudioVersion = 15.0.28010.2046
MinimumVisualStudioVersion = 10.0.40219.1
Project("{8BC9CEB8-8B4A-11D0-8D11-00A0C91BC942}") = "CodeHunter", "CodeHunter\CodeHunter.vcxproj", "{B3DDAB22-8336-46AD-895B-A388132997CE}"
EndProject
Global
	GlobalSection(SolutionConfigurationPlatforms) = preSolution
		Debug|x64 = Debug|x64
		Debug|x86 = Debug|x86
		Release|x64 = Release|x64
		Release|x86 = Release|x86
	EndGlobalSection
	GlobalSection(ProjectConfigurationPlatforms) = postSolution
		{B3DDAB22-8336-46AD-895B-A388132997CE}.Debug|x64.ActiveCfg = Debug|x64
		{B3DDAB22-8336-46AD-895B-A388132997CE}.Debug|x64.Build.0 = Debug|x64
		{B3DDAB22-8336-46AD-895B-A388132997CE}.Debug|x86.ActiveCfg = Debug|Win32
		{B3DDAB22-8336-46AD-895B-A388132997CE}.Debug|x86.Build.0 = Debug|Win32
		{B3DDAB22-8336-46AD-895B-A388132997CE}.Release|x64.ActiveCfg = Release|x64
		{B3DDAB22-8336-46AD-895B-A388132997CE}.Release|x64.Build.0 = Release|x64
		{B3DDAB22-8336-46AD-895B-A388132997CE}.Release|x86.ActiveCfg = Release|Win32
		{B3DDAB22-8336-46AD-895B-A388132997CE}.Release|x86.Build.0 = Release|Win32
	EndGlobalSection
	GlobalSection(SolutionProperties) = preSolution
		HideSolutionNode = FALSE
	EndGlobalSection
	GlobalSection(ExtensibilityGlobals) = postSolution
		SolutionGuid = {8946D64D-C6CC-4595-844C-B62E02DFDD89}
	EndGlobalSection
EndGlobal
